
Microsoft Visual Studio Solution File, Format Version 12.00
# Visual Studio Version 16
VisualStudioVersion = 16.0.29721.120
MinimumVisualStudioVersion = 10.0.40219.1
Project("{FAE04EC0-301F-11D3-BF4B-00C04F79EFBC}") = "RammendoCsvService2", "RammendoCsvService\RammendoCsvService2.csproj", "{17E4C6B9-925F-4430-B81C-C4D495A20D85}"
EndProject
Project("{FAE04EC0-301F-11D3-BF4B-00C04F79EFBC}") = "CsvImporter", "CsvImporter\CsvImporter.csproj", "{C80BE68D-2C84-4C6D-BE2B-F1C9F27718A9}"
EndProject
Project("{FAE04EC0-301F-11D3-BF4B-00C04F79EFBC}") = "Rammendo", "Rammendo\Rammendo.csproj", "{D97D19F3-012A-4E52-8A6B-AC43BE6E6D9D}"
EndProject
Project("{9A19103F-16F7-4668-BE54-9A1E7A4F7556}") = "Rammendo.API", "Rammendo.API\Rammendo.API.csproj", "{FED1030E-CABF-428A-95A7-06E711382400}"
EndProject
Project("{9A19103F-16F7-4668-BE54-9A1E7A4F7556}") = "Rammendo.Data", "Rammendo.Data\Rammendo.Data.csproj", "{F4B71356-DBA6-4BBB-A250-7C97F4B49D2A}"
EndProject
Project("{FAE04EC0-301F-11D3-BF4B-00C04F79EFBC}") = "AppRammendoMobile.Android", "AppRamendoMobile\AppRamendoMobile.Android\AppRammendoMobile.Android.csproj", "{375558A6-485C-4246-898C-3676D21F7734}"
EndProject
Project("{FAE04EC0-301F-11D3-BF4B-00C04F79EFBC}") = "AppRammendoMobile", "AppRamendoMobile\AppRamendoMobile\AppRammendoMobile.csproj", "{33C6A452-1946-44AF-B2E1-0CF613CE984F}"
EndProject
Global
	GlobalSection(SolutionConfigurationPlatforms) = preSolution
		Debug|Any CPU = Debug|Any CPU
		Release|Any CPU = Release|Any CPU
	EndGlobalSection
	GlobalSection(ProjectConfigurationPlatforms) = postSolution
		{17E4C6B9-925F-4430-B81C-C4D495A20D85}.Debug|Any CPU.ActiveCfg = Debug|Any CPU
		{17E4C6B9-925F-4430-B81C-C4D495A20D85}.Debug|Any CPU.Build.0 = Debug|Any CPU
		{17E4C6B9-925F-4430-B81C-C4D495A20D85}.Release|Any CPU.ActiveCfg = Release|Any CPU
		{17E4C6B9-925F-4430-B81C-C4D495A20D85}.Release|Any CPU.Build.0 = Release|Any CPU
		{C80BE68D-2C84-4C6D-BE2B-F1C9F27718A9}.Debug|Any CPU.ActiveCfg = Debug|Any CPU
		{C80BE68D-2C84-4C6D-BE2B-F1C9F27718A9}.Debug|Any CPU.Build.0 = Debug|Any CPU
		{C80BE68D-2C84-4C6D-BE2B-F1C9F27718A9}.Release|Any CPU.ActiveCfg = Release|Any CPU
		{C80BE68D-2C84-4C6D-BE2B-F1C9F27718A9}.Release|Any CPU.Build.0 = Release|Any CPU
		{D97D19F3-012A-4E52-8A6B-AC43BE6E6D9D}.Debug|Any CPU.ActiveCfg = Debug|Any CPU
		{D97D19F3-012A-4E52-8A6B-AC43BE6E6D9D}.Debug|Any CPU.Build.0 = Debug|Any CPU
		{D97D19F3-012A-4E52-8A6B-AC43BE6E6D9D}.Release|Any CPU.ActiveCfg = Release|Any CPU
		{D97D19F3-012A-4E52-8A6B-AC43BE6E6D9D}.Release|Any CPU.Build.0 = Release|Any CPU
		{FED1030E-CABF-428A-95A7-06E711382400}.Debug|Any CPU.ActiveCfg = Debug|Any CPU
		{FED1030E-CABF-428A-95A7-06E711382400}.Debug|Any CPU.Build.0 = Debug|Any CPU
		{FED1030E-CABF-428A-95A7-06E711382400}.Release|Any CPU.ActiveCfg = Release|Any CPU
		{FED1030E-CABF-428A-95A7-06E711382400}.Release|Any CPU.Build.0 = Release|Any CPU
		{F4B71356-DBA6-4BBB-A250-7C97F4B49D2A}.Debug|Any CPU.ActiveCfg = Debug|Any CPU
		{F4B71356-DBA6-4BBB-A250-7C97F4B49D2A}.Debug|Any CPU.Build.0 = Debug|Any CPU
		{F4B71356-DBA6-4BBB-A250-7C97F4B49D2A}.Release|Any CPU.ActiveCfg = Release|Any CPU
		{F4B71356-DBA6-4BBB-A250-7C97F4B49D2A}.Release|Any CPU.Build.0 = Release|Any CPU
		{375558A6-485C-4246-898C-3676D21F7734}.Debug|Any CPU.ActiveCfg = Debug|Any CPU
		{375558A6-485C-4246-898C-3676D21F7734}.Debug|Any CPU.Build.0 = Debug|Any CPU
		{375558A6-485C-4246-898C-3676D21F7734}.Debug|Any CPU.Deploy.0 = Debug|Any CPU
		{375558A6-485C-4246-898C-3676D21F7734}.Release|Any CPU.ActiveCfg = Release|Any CPU
		{375558A6-485C-4246-898C-3676D21F7734}.Release|Any CPU.Build.0 = Release|Any CPU
		{375558A6-485C-4246-898C-3676D21F7734}.Release|Any CPU.Deploy.0 = Release|Any CPU
		{33C6A452-1946-44AF-B2E1-0CF613CE984F}.Debug|Any CPU.ActiveCfg = Debug|Any CPU
		{33C6A452-1946-44AF-B2E1-0CF613CE984F}.Debug|Any CPU.Build.0 = Debug|Any CPU
		{33C6A452-1946-44AF-B2E1-0CF613CE984F}.Release|Any CPU.ActiveCfg = Release|Any CPU
		{33C6A452-1946-44AF-B2E1-0CF613CE984F}.Release|Any CPU.Build.0 = Release|Any CPU
	EndGlobalSection
	GlobalSection(SolutionProperties) = preSolution
		HideSolutionNode = FALSE
	EndGlobalSection
	GlobalSection(ExtensibilityGlobals) = postSolution
		SolutionGuid = {8EB02711-57E9-49FF-B68D-533BDCF53AA9}
	EndGlobalSection
EndGlobal
